
Microsoft Visual Studio Solution File, Format Version 12.00
# Visual Studio Version 17
VisualStudioVersion = 17.0.31903.59
MinimumVisualStudioVersion = 10.0.40219.1
Project("{8BC9CEB8-8B4A-11D0-8D11-00A0C91BC942}") = "BEPlaceholderAPI", "BEPlaceholderAPI\BEPlaceholderAPI.vcxproj", "{E61610F7-9DFD-4945-A8BB-94281231418E}"
EndProject
Global
	GlobalSection(SolutionConfigurationPlatforms) = preSolution
		Release|x64 = Release|x64
	EndGlobalSection
	GlobalSection(ProjectConfigurationPlatforms) = postSolution
		{E61610F7-9DFD-4945-A8BB-94281231418E}.Release|x64.ActiveCfg = Release|x64
		{E61610F7-9DFD-4945-A8BB-94281231418E}.Release|x64.Build.0 = Release|x64
	EndGlobalSection
	GlobalSection(SolutionProperties) = preSolution
		HideSolutionNode = FALSE
	EndGlobalSection
	GlobalSection(ExtensibilityGlobals) = postSolution
		SolutionGuid = {9F46E45F-CD85-4250-93FD-0DD973FB8ECF}
	EndGlobalSection
EndGlobal
