<?xml version="1.0" encoding="utf-8"?>
<Project ToolsVersion="4.0" xmlns="http://schemas.microsoft.com/developer/msbuild/2003">
  <ItemGroup>
    <ClCompile Include="Setting.cpp">
      <Filter>SourceFile</Filter>
    </ClCompile>
    <ClCompile Include="RegPAPI.cpp">
      <Filter>SourceFile</Filter>
    </ClCompile>
    <ClCompile Include="Plugin.cpp">
      <Filter>SourceFile</Filter>
    </ClCompile>
    <ClCompile Include="PlaceholderAPI.cpp">
      <Filter>SourceFile</Filter>
    </ClCompile>
    <ClCompile Include="Command.cpp">
      <Filter>SourceFile</Filter>
    </ClCompile>
    <ClCompile Include="dllmain.cpp">
      <Filter>SourceFile</Filter>
    </ClCompile>
    <ClCompile Include="SignBlock.cpp">
      <Filter>SourceFile</Filter>
    </ClCompile>
    <ClCompile Include="AutoUpgrade.cpp">
      <Filter>SourceFile</Filter>
    </ClCompile>
  </ItemGroup>
  <ItemGroup>
    <ClInclude Include="Helper.h">
      <Filter>Head</Filter>
    </ClInclude>
    <ClInclude Include="Global.h">
      <Filter>Head</Filter>
    </ClInclude>
    <ClInclude Include="framework.h">
      <Filter>Head</Filter>
    </ClInclude>
    <ClInclude Include="PlaceholderAPI.h">
      <Filter>Head</Filter>
    </ClInclude>
    <ClInclude Include="resource.h">
      <Filter>Resource</Filter>
    </ClInclude>
    <ClInclude Include="Version.h">
      <Filter>Head</Filter>
    </ClInclude>
    <ClInclude Include="Setting.h">
      <Filter>Head</Filter>
    </ClInclude>
    <ClInclude Include="SignBlock.h">
      <Filter>Head</Filter>
    </ClInclude>
    <ClInclude Include="Lang.hpp">
      <Filter>Head</Filter>
    </ClInclude>
  </ItemGroup>
  <ItemGroup>
    <Filter Include="Head">
      <UniqueIdentifier>{097df22b-3e80-458f-9bb6-2d04ca24e158}</UniqueIdentifier>
    </Filter>
    <Filter Include="Resource">
      <UniqueIdentifier>{34efaa7d-78e3-4e4d-a44f-ee99f5ac3634}</UniqueIdentifier>
    </Filter>
    <Filter Include="SourceFile">
      <UniqueIdentifier>{c53ed8cb-272b-4be5-b52e-59f5db588e93}</UniqueIdentifier>
    </Filter>
  </ItemGroup>
  <ItemGroup>
    <ResourceCompile Include="Resource.rc">
      <Filter>Resource</Filter>
    </ResourceCompile>
  </ItemGroup>
</Project>